{
    "_readme": [
        "This file locks the dependencies of your project to a known state",
        "Read more about it at https://getcomposer.org/doc/01-basic-usage.md#composer-lock-the-lock-file",
        "This file is @generated automatically"
    ],
    "hash": "85429d31cb0fc9128fd8c1a3b05c866e",
    "content-hash": "43d977020787b8349fdb9de7f4a99af2",
    "packages": [],
    "packages-dev": [],
    "aliases": [],
    "minimum-stability": "dev",
    "stability-flags": [],
    "prefer-stable": false,
    "prefer-lowest": false,
    "platform": {
        "php": ">=5.3.1",
        "ext-tokenizer": "*"
    },
    "platform-dev": []
}
